
Microsoft Visual Studio Solution File, Format Version 12.00
# Visual Studio Version 16
VisualStudioVersion = 16.0.30804.86
MinimumVisualStudioVersion = 10.0.40219.1
Project("{FAE04EC0-301F-11D3-BF4B-00C04F79EFBC}") = "ECommerce", "ECommerce\ECommerce.csproj", "{11D93AEE-BD27-400B-9496-E0E9A2B00E72}"
EndProject
Project("{FAE04EC0-301F-11D3-BF4B-00C04F79EFBC}") = "ECommerceLibrary", "ECommerceLibrary\ECommerceLibrary.csproj", "{71354DBE-B9C0-4660-AE0A-8DBDF0C7ADC3}"
EndProject
Global
	GlobalSection(SolutionConfigurationPlatforms) = preSolution
		Debug|Any CPU = Debug|Any CPU
		Release|Any CPU = Release|Any CPU
	EndGlobalSection
	GlobalSection(ProjectConfigurationPlatforms) = postSolution
		{11D93AEE-BD27-400B-9496-E0E9A2B00E72}.Debug|Any CPU.ActiveCfg = Debug|Any CPU
		{11D93AEE-BD27-400B-9496-E0E9A2B00E72}.Debug|Any CPU.Build.0 = Debug|Any CPU
		{11D93AEE-BD27-400B-9496-E0E9A2B00E72}.Release|Any CPU.ActiveCfg = Release|Any CPU
		{11D93AEE-BD27-400B-9496-E0E9A2B00E72}.Release|Any CPU.Build.0 = Release|Any CPU
		{71354DBE-B9C0-4660-AE0A-8DBDF0C7ADC3}.Debug|Any CPU.ActiveCfg = Debug|Any CPU
		{71354DBE-B9C0-4660-AE0A-8DBDF0C7ADC3}.Debug|Any CPU.Build.0 = Debug|Any CPU
		{71354DBE-B9C0-4660-AE0A-8DBDF0C7ADC3}.Release|Any CPU.ActiveCfg = Release|Any CPU
		{71354DBE-B9C0-4660-AE0A-8DBDF0C7ADC3}.Release|Any CPU.Build.0 = Release|Any CPU
	EndGlobalSection
	GlobalSection(SolutionProperties) = preSolution
		HideSolutionNode = FALSE
	EndGlobalSection
	GlobalSection(ExtensibilityGlobals) = postSolution
		SolutionGuid = {B01AF096-B0D7-4423-BFF6-FBDF44E674A4}
	EndGlobalSection
EndGlobal
